// !$*UTF8*$!
{
	archiveVersion = 1;
	classes = {
	};
	objectVersion = 51;
	objects = {

/* Begin PBXBuildFile section */
		7EE1E494CC5105A65B9299EC /* Pods_Owange_Pranks_iOS_TaskTests.framework in Frameworks */ = {isa = PBXBuildFile; fileRef = 937CCFA81DF12E976A5E962B /* Pods_Owange_Pranks_iOS_TaskTests.framework */; };
		947E66A425BCA8AA0049DEAF /* AppDelegate.swift in Sources */ = {isa = PBXBuildFile; fileRef = 947E66A325BCA8AA0049DEAF /* AppDelegate.swift */; };
		947E66A625BCA8AA0049DEAF /* SceneDelegate.swift in Sources */ = {isa = PBXBuildFile; fileRef = 947E66A525BCA8AA0049DEAF /* SceneDelegate.swift */; };
		947E66AD25BCA8AC0049DEAF /* Assets.xcassets in Resources */ = {isa = PBXBuildFile; fileRef = 947E66AC25BCA8AC0049DEAF /* Assets.xcassets */; };
		947E66B025BCA8AC0049DEAF /* LaunchScreen.storyboard in Resources */ = {isa = PBXBuildFile; fileRef = 947E66AE25BCA8AC0049DEAF /* LaunchScreen.storyboard */; };
		947E66BB25BCA8AC0049DEAF /* Owange_Pranks_iOS_TaskTests.swift in Sources */ = {isa = PBXBuildFile; fileRef = 947E66BA25BCA8AC0049DEAF /* Owange_Pranks_iOS_TaskTests.swift */; };
		947E66CB25BCD9300049DEAF /* HachiMaruPop-Regular.ttf in Resources */ = {isa = PBXBuildFile; fileRef = 947E66CA25BCD92E0049DEAF /* HachiMaruPop-Regular.ttf */; };
		947E66CC25BCD9310049DEAF /* HachiMaruPop-Regular.ttf in Resources */ = {isa = PBXBuildFile; fileRef = 947E66CA25BCD92E0049DEAF /* HachiMaruPop-Regular.ttf */; };
		947E66D525BCDF200049DEAF /* ReprositoryList.storyboard in Resources */ = {isa = PBXBuildFile; fileRef = 947E66D425BCDF200049DEAF /* ReprositoryList.storyboard */; };
		947E66DA25BCE0B40049DEAF /* ReprositoryCollectionViewCell.swift in Sources */ = {isa = PBXBuildFile; fileRef = 947E66D825BCE0B40049DEAF /* ReprositoryCollectionViewCell.swift */; };
		947E66DB25BCE0B40049DEAF /* ReprositoryCollectionViewCell.xib in Resources */ = {isa = PBXBuildFile; fileRef = 947E66D925BCE0B40049DEAF /* ReprositoryCollectionViewCell.xib */; };
		947E66DD25BCE3A40049DEAF /* PottaOne-Regular.ttf in Resources */ = {isa = PBXBuildFile; fileRef = 947E66DC25BCE3A40049DEAF /* PottaOne-Regular.ttf */; };
		947E66E025BCE5710049DEAF /* UIView.swift in Sources */ = {isa = PBXBuildFile; fileRef = 947E66DF25BCE5710049DEAF /* UIView.swift */; };
		947E66E325BCE6F00049DEAF /* ReprositoryListViewController.swift in Sources */ = {isa = PBXBuildFile; fileRef = 947E66E225BCE6F00049DEAF /* ReprositoryListViewController.swift */; };
		947E66E625BCE7070049DEAF /* ViewControllerIdentifier.swift in Sources */ = {isa = PBXBuildFile; fileRef = 947E66E525BCE7070049DEAF /* ViewControllerIdentifier.swift */; };
		947EE46C25BDDEE300C3A7F4 /* ReprositoryListPresenter.swift in Sources */ = {isa = PBXBuildFile; fileRef = 947EE46B25BDDEE300C3A7F4 /* ReprositoryListPresenter.swift */; };
		947EE46E25BDDF8600C3A7F4 /* ReprositoryListNavigationRouter.swift in Sources */ = {isa = PBXBuildFile; fileRef = 947EE46D25BDDF8600C3A7F4 /* ReprositoryListNavigationRouter.swift */; };
		947EE47025BDDFD700C3A7F4 /* ReprositoryListNetworkRouter.swift in Sources */ = {isa = PBXBuildFile; fileRef = 947EE46F25BDDFD700C3A7F4 /* ReprositoryListNetworkRouter.swift */; };
		947EE47225BDE53300C3A7F4 /* ReprositoryListInteractor.swift in Sources */ = {isa = PBXBuildFile; fileRef = 947EE47125BDE53300C3A7F4 /* ReprositoryListInteractor.swift */; };
		947EE47425BDE57200C3A7F4 /* ReprositoryListResponse.swift in Sources */ = {isa = PBXBuildFile; fileRef = 947EE47325BDE57200C3A7F4 /* ReprositoryListResponse.swift */; };
		947EE47625BDE60700C3A7F4 /* ReprositoryListError.swift in Sources */ = {isa = PBXBuildFile; fileRef = 947EE47525BDE60700C3A7F4 /* ReprositoryListError.swift */; };
		947EE47825BDE77900C3A7F4 /* ReprositoryListTransformer.swift in Sources */ = {isa = PBXBuildFile; fileRef = 947EE47725BDE77900C3A7F4 /* ReprositoryListTransformer.swift */; };
		947EE47A25BDE7B100C3A7F4 /* ReprositoryCellViewModel.swift in Sources */ = {isa = PBXBuildFile; fileRef = 947EE47925BDE7B100C3A7F4 /* ReprositoryCellViewModel.swift */; };
		947EE47C25BEEC5600C3A7F4 /* ReprositoryListFilter.swift in Sources */ = {isa = PBXBuildFile; fileRef = 947EE47B25BEEC5600C3A7F4 /* ReprositoryListFilter.swift */; };
		947EE47E25BEF2B600C3A7F4 /* APIConstant.swift in Sources */ = {isa = PBXBuildFile; fileRef = 947EE47D25BEF2B600C3A7F4 /* APIConstant.swift */; };
		947EE48125BEF37C00C3A7F4 /* CodableTransformer.swift in Sources */ = {isa = PBXBuildFile; fileRef = 947EE48025BEF37C00C3A7F4 /* CodableTransformer.swift */; };
		E8594DB029BD83029483B542 /* Pods_Owange_Pranks_iOS_Task.framework in Frameworks */ = {isa = PBXBuildFile; fileRef = 947142EDD77B5F980ED7250B /* Pods_Owange_Pranks_iOS_Task.framework */; };
/* End PBXBuildFile section */

/* Begin PBXContainerItemProxy section */
		947E66B725BCA8AC0049DEAF /* PBXContainerItemProxy */ = {
			isa = PBXContainerItemProxy;
			containerPortal = 947E669825BCA8AA0049DEAF /* Project object */;
			proxyType = 1;
			remoteGlobalIDString = 947E669F25BCA8AA0049DEAF;
			remoteInfo = "Owange-Pranks-iOS-Task";
		};
/* End PBXContainerItemProxy section */

/* Begin PBXFileReference section */
		0FA9A01BB3A8D7DBD267D9DA /* Pods-Owange-Pranks-iOS-TaskTests.release.xcconfig */ = {isa = PBXFileReference; includeInIndex = 1; lastKnownFileType = text.xcconfig; name = "Pods-Owange-Pranks-iOS-TaskTests.release.xcconfig"; path = "Target Support Files/Pods-Owange-Pranks-iOS-TaskTests/Pods-Owange-Pranks-iOS-TaskTests.release.xcconfig"; sourceTree = "<group>"; };
		937CCFA81DF12E976A5E962B /* Pods_Owange_Pranks_iOS_TaskTests.framework */ = {isa = PBXFileReference; explicitFileType = wrapper.framework; includeInIndex = 0; path = Pods_Owange_Pranks_iOS_TaskTests.framework; sourceTree = BUILT_PRODUCTS_DIR; };
		947142EDD77B5F980ED7250B /* Pods_Owange_Pranks_iOS_Task.framework */ = {isa = PBXFileReference; explicitFileType = wrapper.framework; includeInIndex = 0; path = Pods_Owange_Pranks_iOS_Task.framework; sourceTree = BUILT_PRODUCTS_DIR; };
		947E66A025BCA8AA0049DEAF /* Owange-Pranks-iOS-Task.app */ = {isa = PBXFileReference; explicitFileType = wrapper.application; includeInIndex = 0; path = "Owange-Pranks-iOS-Task.app"; sourceTree = BUILT_PRODUCTS_DIR; };
		947E66A325BCA8AA0049DEAF /* AppDelegate.swift */ = {isa = PBXFileReference; lastKnownFileType = sourcecode.swift; path = AppDelegate.swift; sourceTree = "<group>"; };
		947E66A525BCA8AA0049DEAF /* SceneDelegate.swift */ = {isa = PBXFileReference; lastKnownFileType = sourcecode.swift; path = SceneDelegate.swift; sourceTree = "<group>"; };
		947E66AC25BCA8AC0049DEAF /* Assets.xcassets */ = {isa = PBXFileReference; lastKnownFileType = folder.assetcatalog; path = Assets.xcassets; sourceTree = "<group>"; };
		947E66AF25BCA8AC0049DEAF /* Base */ = {isa = PBXFileReference; lastKnownFileType = file.storyboard; name = Base; path = Base.lproj/LaunchScreen.storyboard; sourceTree = "<group>"; };
		947E66B125BCA8AC0049DEAF /* Info.plist */ = {isa = PBXFileReference; lastKnownFileType = text.plist.xml; name = Info.plist; path = "Owange-Pranks-iOS-Task/Common/Core/Info.plist"; sourceTree = SOURCE_ROOT; };
		947E66B625BCA8AC0049DEAF /* Owange-Pranks-iOS-TaskTests.xctest */ = {isa = PBXFileReference; explicitFileType = wrapper.cfbundle; includeInIndex = 0; path = "Owange-Pranks-iOS-TaskTests.xctest"; sourceTree = BUILT_PRODUCTS_DIR; };
		947E66BA25BCA8AC0049DEAF /* Owange_Pranks_iOS_TaskTests.swift */ = {isa = PBXFileReference; lastKnownFileType = sourcecode.swift; path = Owange_Pranks_iOS_TaskTests.swift; sourceTree = "<group>"; };
		947E66BC25BCA8AC0049DEAF /* Info.plist */ = {isa = PBXFileReference; lastKnownFileType = text.plist.xml; path = Info.plist; sourceTree = "<group>"; };
		947E66CA25BCD92E0049DEAF /* HachiMaruPop-Regular.ttf */ = {isa = PBXFileReference; lastKnownFileType = file; path = "HachiMaruPop-Regular.ttf"; sourceTree = "<group>"; };
		947E66D425BCDF200049DEAF /* ReprositoryList.storyboard */ = {isa = PBXFileReference; lastKnownFileType = file.storyboard; path = ReprositoryList.storyboard; sourceTree = "<group>"; };
		947E66D825BCE0B40049DEAF /* ReprositoryCollectionViewCell.swift */ = {isa = PBXFileReference; lastKnownFileType = sourcecode.swift; path = ReprositoryCollectionViewCell.swift; sourceTree = "<group>"; };
		947E66D925BCE0B40049DEAF /* ReprositoryCollectionViewCell.xib */ = {isa = PBXFileReference; lastKnownFileType = file.xib; path = ReprositoryCollectionViewCell.xib; sourceTree = "<group>"; };
		947E66DC25BCE3A40049DEAF /* PottaOne-Regular.ttf */ = {isa = PBXFileReference; lastKnownFileType = file; path = "PottaOne-Regular.ttf"; sourceTree = "<group>"; };
		947E66DF25BCE5710049DEAF /* UIView.swift */ = {isa = PBXFileReference; fileEncoding = 4; lastKnownFileType = sourcecode.swift; path = UIView.swift; sourceTree = "<group>"; };
		947E66E225BCE6F00049DEAF /* ReprositoryListViewController.swift */ = {isa = PBXFileReference; lastKnownFileType = sourcecode.swift; path = ReprositoryListViewController.swift; sourceTree = "<group>"; };
		947E66E525BCE7070049DEAF /* ViewControllerIdentifier.swift */ = {isa = PBXFileReference; lastKnownFileType = sourcecode.swift; path = ViewControllerIdentifier.swift; sourceTree = "<group>"; };
		947EE46B25BDDEE300C3A7F4 /* ReprositoryListPresenter.swift */ = {isa = PBXFileReference; lastKnownFileType = sourcecode.swift; path = ReprositoryListPresenter.swift; sourceTree = "<group>"; };
		947EE46D25BDDF8600C3A7F4 /* ReprositoryListNavigationRouter.swift */ = {isa = PBXFileReference; lastKnownFileType = sourcecode.swift; path = ReprositoryListNavigationRouter.swift; sourceTree = "<group>"; };
		947EE46F25BDDFD700C3A7F4 /* ReprositoryListNetworkRouter.swift */ = {isa = PBXFileReference; lastKnownFileType = sourcecode.swift; path = ReprositoryListNetworkRouter.swift; sourceTree = "<group>"; };
		947EE47125BDE53300C3A7F4 /* ReprositoryListInteractor.swift */ = {isa = PBXFileReference; lastKnownFileType = sourcecode.swift; path = ReprositoryListInteractor.swift; sourceTree = "<group>"; };
		947EE47325BDE57200C3A7F4 /* ReprositoryListResponse.swift */ = {isa = PBXFileReference; lastKnownFileType = sourcecode.swift; path = ReprositoryListResponse.swift; sourceTree = "<group>"; };
		947EE47525BDE60700C3A7F4 /* ReprositoryListError.swift */ = {isa = PBXFileReference; lastKnownFileType = sourcecode.swift; path = ReprositoryListError.swift; sourceTree = "<group>"; };
		947EE47725BDE77900C3A7F4 /* ReprositoryListTransformer.swift */ = {isa = PBXFileReference; lastKnownFileType = sourcecode.swift; path = ReprositoryListTransformer.swift; sourceTree = "<group>"; };
		947EE47925BDE7B100C3A7F4 /* ReprositoryCellViewModel.swift */ = {isa = PBXFileReference; lastKnownFileType = sourcecode.swift; path = ReprositoryCellViewModel.swift; sourceTree = "<group>"; };
		947EE47B25BEEC5600C3A7F4 /* ReprositoryListFilter.swift */ = {isa = PBXFileReference; lastKnownFileType = sourcecode.swift; path = ReprositoryListFilter.swift; sourceTree = "<group>"; };
		947EE47D25BEF2B600C3A7F4 /* APIConstant.swift */ = {isa = PBXFileReference; lastKnownFileType = sourcecode.swift; path = APIConstant.swift; sourceTree = "<group>"; };
		947EE48025BEF37C00C3A7F4 /* CodableTransformer.swift */ = {isa = PBXFileReference; fileEncoding = 4; lastKnownFileType = sourcecode.swift; path = CodableTransformer.swift; sourceTree = "<group>"; };
		9F0D89192D8C8D266F49827B /* Pods-Owange-Pranks-iOS-Task.debug.xcconfig */ = {isa = PBXFileReference; includeInIndex = 1; lastKnownFileType = text.xcconfig; name = "Pods-Owange-Pranks-iOS-Task.debug.xcconfig"; path = "Target Support Files/Pods-Owange-Pranks-iOS-Task/Pods-Owange-Pranks-iOS-Task.debug.xcconfig"; sourceTree = "<group>"; };
		E7DE3994E5CE31400A210730 /* Pods-Owange-Pranks-iOS-TaskTests.debug.xcconfig */ = {isa = PBXFileReference; includeInIndex = 1; lastKnownFileType = text.xcconfig; name = "Pods-Owange-Pranks-iOS-TaskTests.debug.xcconfig"; path = "Target Support Files/Pods-Owange-Pranks-iOS-TaskTests/Pods-Owange-Pranks-iOS-TaskTests.debug.xcconfig"; sourceTree = "<group>"; };
		F1CA2545802B1AC32F8EBC52 /* Pods-Owange-Pranks-iOS-Task.release.xcconfig */ = {isa = PBXFileReference; includeInIndex = 1; lastKnownFileType = text.xcconfig; name = "Pods-Owange-Pranks-iOS-Task.release.xcconfig"; path = "Target Support Files/Pods-Owange-Pranks-iOS-Task/Pods-Owange-Pranks-iOS-Task.release.xcconfig"; sourceTree = "<group>"; };
/* End PBXFileReference section */

/* Begin PBXFrameworksBuildPhase section */
		947E669D25BCA8AA0049DEAF /* Frameworks */ = {
			isa = PBXFrameworksBuildPhase;
			buildActionMask = 2147483647;
			files = (
				E8594DB029BD83029483B542 /* Pods_Owange_Pranks_iOS_Task.framework in Frameworks */,
			);
			runOnlyForDeploymentPostprocessing = 0;
		};
		947E66B325BCA8AC0049DEAF /* Frameworks */ = {
			isa = PBXFrameworksBuildPhase;
			buildActionMask = 2147483647;
			files = (
				7EE1E494CC5105A65B9299EC /* Pods_Owange_Pranks_iOS_TaskTests.framework in Frameworks */,
			);
			runOnlyForDeploymentPostprocessing = 0;
		};
/* End PBXFrameworksBuildPhase section */

/* Begin PBXGroup section */
		7B42171266932DB4B1D6EA41 /* Frameworks */ = {
			isa = PBXGroup;
			children = (
				947142EDD77B5F980ED7250B /* Pods_Owange_Pranks_iOS_Task.framework */,
				937CCFA81DF12E976A5E962B /* Pods_Owange_Pranks_iOS_TaskTests.framework */,
			);
			name = Frameworks;
			sourceTree = "<group>";
		};
		947E669725BCA8AA0049DEAF = {
			isa = PBXGroup;
			children = (
				947E66A225BCA8AA0049DEAF /* Owange-Pranks-iOS-Task */,
				947E66B925BCA8AC0049DEAF /* Owange-Pranks-iOS-TaskTests */,
				947E66A125BCA8AA0049DEAF /* Products */,
				E9B1CB2E1B101D5F08EE59F7 /* Pods */,
				7B42171266932DB4B1D6EA41 /* Frameworks */,
			);
			sourceTree = "<group>";
		};
		947E66A125BCA8AA0049DEAF /* Products */ = {
			isa = PBXGroup;
			children = (
				947E66A025BCA8AA0049DEAF /* Owange-Pranks-iOS-Task.app */,
				947E66B625BCA8AC0049DEAF /* Owange-Pranks-iOS-TaskTests.xctest */,
			);
			name = Products;
			sourceTree = "<group>";
		};
		947E66A225BCA8AA0049DEAF /* Owange-Pranks-iOS-Task */ = {
			isa = PBXGroup;
			children = (
				947E66CD25BCDEAE0049DEAF /* Modules */,
				947E66C725BCD8440049DEAF /* Common */,
				947E66C525BCD81F0049DEAF /* Resources */,
			);
			path = "Owange-Pranks-iOS-Task";
			sourceTree = "<group>";
		};
		947E66B925BCA8AC0049DEAF /* Owange-Pranks-iOS-TaskTests */ = {
			isa = PBXGroup;
			children = (
				947E66BA25BCA8AC0049DEAF /* Owange_Pranks_iOS_TaskTests.swift */,
				947E66BC25BCA8AC0049DEAF /* Info.plist */,
			);
			path = "Owange-Pranks-iOS-TaskTests";
			sourceTree = "<group>";
		};
		947E66C525BCD81F0049DEAF /* Resources */ = {
			isa = PBXGroup;
			children = (
				947E66C925BCD9240049DEAF /* Fonts */,
				947E66AE25BCA8AC0049DEAF /* LaunchScreen.storyboard */,
				947E66AC25BCA8AC0049DEAF /* Assets.xcassets */,
			);
			path = Resources;
			sourceTree = "<group>";
		};
		947E66C725BCD8440049DEAF /* Common */ = {
			isa = PBXGroup;
			children = (
				947EE47F25BEF36600C3A7F4 /* Helper */,
				947E66E425BCE6F90049DEAF /* Constant */,
				947E66DE25BCE55A0049DEAF /* Extension */,
				947E66C825BCD8500049DEAF /* Core */,
			);
			path = Common;
			sourceTree = "<group>";
		};
		947E66C825BCD8500049DEAF /* Core */ = {
			isa = PBXGroup;
			children = (
				947E66A325BCA8AA0049DEAF /* AppDelegate.swift */,
				947E66A525BCA8AA0049DEAF /* SceneDelegate.swift */,
				947E66B125BCA8AC0049DEAF /* Info.plist */,
			);
			path = Core;
			sourceTree = "<group>";
		};
		947E66C925BCD9240049DEAF /* Fonts */ = {
			isa = PBXGroup;
			children = (
				947E66CA25BCD92E0049DEAF /* HachiMaruPop-Regular.ttf */,
				947E66DC25BCE3A40049DEAF /* PottaOne-Regular.ttf */,
			);
			path = Fonts;
			sourceTree = "<group>";
		};
		947E66CD25BCDEAE0049DEAF /* Modules */ = {
			isa = PBXGroup;
			children = (
				947E66CE25BCDEBA0049DEAF /* ReprositoryList */,
			);
			path = Modules;
			sourceTree = "<group>";
		};
		947E66CE25BCDEBA0049DEAF /* ReprositoryList */ = {
			isa = PBXGroup;
			children = (
				947E66D325BCDEDE0049DEAF /* Router */,
				947E66D225BCDEDA0049DEAF /* Entity */,
				947E66D125BCDED10049DEAF /* Presenter */,
				947E66D025BCDEC80049DEAF /* Interactor */,
				947E66CF25BCDEC30049DEAF /* View */,
			);
			path = ReprositoryList;
			sourceTree = "<group>";
		};
		947E66CF25BCDEC30049DEAF /* View */ = {
			isa = PBXGroup;
			children = (
				947E66E125BCE6DB0049DEAF /* Controller */,
				947E66D725BCE09A0049DEAF /* Cell */,
				947E66D625BCE08B0049DEAF /* Storyboard */,
			);
			path = View;
			sourceTree = "<group>";
		};
		947E66D025BCDEC80049DEAF /* Interactor */ = {
			isa = PBXGroup;
			children = (
				947EE47125BDE53300C3A7F4 /* ReprositoryListInteractor.swift */,
			);
			path = Interactor;
			sourceTree = "<group>";
		};
		947E66D125BCDED10049DEAF /* Presenter */ = {
			isa = PBXGroup;
			children = (
				947EE46B25BDDEE300C3A7F4 /* ReprositoryListPresenter.swift */,
			);
			path = Presenter;
			sourceTree = "<group>";
		};
		947E66D225BCDEDA0049DEAF /* Entity */ = {
			isa = PBXGroup;
			children = (
				947EE47325BDE57200C3A7F4 /* ReprositoryListResponse.swift */,
				947EE47525BDE60700C3A7F4 /* ReprositoryListError.swift */,
				947EE47925BDE7B100C3A7F4 /* ReprositoryCellViewModel.swift */,
				947EE47725BDE77900C3A7F4 /* ReprositoryListTransformer.swift */,
				947EE47B25BEEC5600C3A7F4 /* ReprositoryListFilter.swift */,
			);
			path = Entity;
			sourceTree = "<group>";
		};
		947E66D325BCDEDE0049DEAF /* Router */ = {
			isa = PBXGroup;
			children = (
				947EE46D25BDDF8600C3A7F4 /* ReprositoryListNavigationRouter.swift */,
				947EE46F25BDDFD700C3A7F4 /* ReprositoryListNetworkRouter.swift */,
			);
			path = Router;
			sourceTree = "<group>";
		};
		947E66D625BCE08B0049DEAF /* Storyboard */ = {
			isa = PBXGroup;
			children = (
				947E66D425BCDF200049DEAF /* ReprositoryList.storyboard */,
			);
			path = Storyboard;
			sourceTree = "<group>";
		};
		947E66D725BCE09A0049DEAF /* Cell */ = {
			isa = PBXGroup;
			children = (
				947E66D825BCE0B40049DEAF /* ReprositoryCollectionViewCell.swift */,
				947E66D925BCE0B40049DEAF /* ReprositoryCollectionViewCell.xib */,
			);
			path = Cell;
			sourceTree = "<group>";
		};
		947E66DE25BCE55A0049DEAF /* Extension */ = {
			isa = PBXGroup;
			children = (
				947E66DF25BCE5710049DEAF /* UIView.swift */,
			);
			path = Extension;
			sourceTree = "<group>";
		};
		947E66E125BCE6DB0049DEAF /* Controller */ = {
			isa = PBXGroup;
			children = (
				947E66E225BCE6F00049DEAF /* ReprositoryListViewController.swift */,
			);
			path = Controller;
			sourceTree = "<group>";
		};
		947E66E425BCE6F90049DEAF /* Constant */ = {
			isa = PBXGroup;
			children = (
				947E66E525BCE7070049DEAF /* ViewControllerIdentifier.swift */,
				947EE47D25BEF2B600C3A7F4 /* APIConstant.swift */,
			);
			path = Constant;
			sourceTree = "<group>";
		};
		947EE47F25BEF36600C3A7F4 /* Helper */ = {
			isa = PBXGroup;
			children = (
				947EE48025BEF37C00C3A7F4 /* CodableTransformer.swift */,
			);
			path = Helper;
			sourceTree = "<group>";
		};
		E9B1CB2E1B101D5F08EE59F7 /* Pods */ = {
			isa = PBXGroup;
			children = (
				9F0D89192D8C8D266F49827B /* Pods-Owange-Pranks-iOS-Task.debug.xcconfig */,
				F1CA2545802B1AC32F8EBC52 /* Pods-Owange-Pranks-iOS-Task.release.xcconfig */,
				E7DE3994E5CE31400A210730 /* Pods-Owange-Pranks-iOS-TaskTests.debug.xcconfig */,
				0FA9A01BB3A8D7DBD267D9DA /* Pods-Owange-Pranks-iOS-TaskTests.release.xcconfig */,
			);
			path = Pods;
			sourceTree = "<group>";
		};
/* End PBXGroup section */

/* Begin PBXNativeTarget section */
		947E669F25BCA8AA0049DEAF /* Owange-Pranks-iOS-Task */ = {
			isa = PBXNativeTarget;
			buildConfigurationList = 947E66BF25BCA8AC0049DEAF /* Build configuration list for PBXNativeTarget "Owange-Pranks-iOS-Task" */;
			buildPhases = (
				33323A48F4EADA5A10BF9E24 /* [CP] Check Pods Manifest.lock */,
				947E669C25BCA8AA0049DEAF /* Sources */,
				947E669D25BCA8AA0049DEAF /* Frameworks */,
				947E669E25BCA8AA0049DEAF /* Resources */,
				C2DADCA8E8EF634BE2B48AA4 /* [CP] Embed Pods Frameworks */,
			);
			buildRules = (
			);
			dependencies = (
			);
			name = "Owange-Pranks-iOS-Task";
			productName = "Owange-Pranks-iOS-Task";
			productReference = 947E66A025BCA8AA0049DEAF /* Owange-Pranks-iOS-Task.app */;
			productType = "com.apple.product-type.application";
		};
		947E66B525BCA8AC0049DEAF /* Owange-Pranks-iOS-TaskTests */ = {
			isa = PBXNativeTarget;
			buildConfigurationList = 947E66C225BCA8AC0049DEAF /* Build configuration list for PBXNativeTarget "Owange-Pranks-iOS-TaskTests" */;
			buildPhases = (
				6692F555FD62C7B1C24D7B7A /* [CP] Check Pods Manifest.lock */,
				947E66B225BCA8AC0049DEAF /* Sources */,
				947E66B325BCA8AC0049DEAF /* Frameworks */,
				947E66B425BCA8AC0049DEAF /* Resources */,
			);
			buildRules = (
			);
			dependencies = (
				947E66B825BCA8AC0049DEAF /* PBXTargetDependency */,
			);
			name = "Owange-Pranks-iOS-TaskTests";
			productName = "Owange-Pranks-iOS-TaskTests";
			productReference = 947E66B625BCA8AC0049DEAF /* Owange-Pranks-iOS-TaskTests.xctest */;
			productType = "com.apple.product-type.bundle.unit-test";
		};
/* End PBXNativeTarget section */

/* Begin PBXProject section */
		947E669825BCA8AA0049DEAF /* Project object */ = {
			isa = PBXProject;
			attributes = {
				LastSwiftUpdateCheck = 1170;
				LastUpgradeCheck = 1170;
				ORGANIZATIONNAME = OwangePranks;
				TargetAttributes = {
					947E669F25BCA8AA0049DEAF = {
						CreatedOnToolsVersion = 11.7;
					};
					947E66B525BCA8AC0049DEAF = {
						CreatedOnToolsVersion = 11.7;
						TestTargetID = 947E669F25BCA8AA0049DEAF;
					};
				};
			};
			buildConfigurationList = 947E669B25BCA8AA0049DEAF /* Build configuration list for PBXProject "Owange-Pranks-iOS-Task" */;
			compatibilityVersion = "Xcode 9.3";
			developmentRegion = en;
			hasScannedForEncodings = 0;
			knownRegions = (
				en,
				Base,
			);
			mainGroup = 947E669725BCA8AA0049DEAF;
			productRefGroup = 947E66A125BCA8AA0049DEAF /* Products */;
			projectDirPath = "";
			projectRoot = "";
			targets = (
				947E669F25BCA8AA0049DEAF /* Owange-Pranks-iOS-Task */,
				947E66B525BCA8AC0049DEAF /* Owange-Pranks-iOS-TaskTests */,
			);
		};
/* End PBXProject section */

/* Begin PBXResourcesBuildPhase section */
		947E669E25BCA8AA0049DEAF /* Resources */ = {
			isa = PBXResourcesBuildPhase;
			buildActionMask = 2147483647;
			files = (
				947E66DB25BCE0B40049DEAF /* ReprositoryCollectionViewCell.xib in Resources */,
				947E66B025BCA8AC0049DEAF /* LaunchScreen.storyboard in Resources */,
				947E66CB25BCD9300049DEAF /* HachiMaruPop-Regular.ttf in Resources */,
				947E66DD25BCE3A40049DEAF /* PottaOne-Regular.ttf in Resources */,
				947E66AD25BCA8AC0049DEAF /* Assets.xcassets in Resources */,
				947E66D525BCDF200049DEAF /* ReprositoryList.storyboard in Resources */,
			);
			runOnlyForDeploymentPostprocessing = 0;
		};
		947E66B425BCA8AC0049DEAF /* Resources */ = {
			isa = PBXResourcesBuildPhase;
			buildActionMask = 2147483647;
			files = (
				947E66CC25BCD9310049DEAF /* HachiMaruPop-Regular.ttf in Resources */,
			);
			runOnlyForDeploymentPostprocessing = 0;
		};
/* End PBXResourcesBuildPhase section */

/* Begin PBXShellScriptBuildPhase section */
		33323A48F4EADA5A10BF9E24 /* [CP] Check Pods Manifest.lock */ = {
			isa = PBXShellScriptBuildPhase;
			buildActionMask = 2147483647;
			files = (
			);
			inputFileListPaths = (
			);
			inputPaths = (
				"${PODS_PODFILE_DIR_PATH}/Podfile.lock",
				"${PODS_ROOT}/Manifest.lock",
			);
			name = "[CP] Check Pods Manifest.lock";
			outputFileListPaths = (
			);
			outputPaths = (
				"$(DERIVED_FILE_DIR)/Pods-Owange-Pranks-iOS-Task-checkManifestLockResult.txt",
			);
			runOnlyForDeploymentPostprocessing = 0;
			shellPath = /bin/sh;
			shellScript = "diff \"${PODS_PODFILE_DIR_PATH}/Podfile.lock\" \"${PODS_ROOT}/Manifest.lock\" > /dev/null\nif [ $? != 0 ] ; then\n    # print error to STDERR\n    echo \"error: The sandbox is not in sync with the Podfile.lock. Run 'pod install' or update your CocoaPods installation.\" >&2\n    exit 1\nfi\n# This output is used by Xcode 'outputs' to avoid re-running this script phase.\necho \"SUCCESS\" > \"${SCRIPT_OUTPUT_FILE_0}\"\n";
			showEnvVarsInLog = 0;
		};
		6692F555FD62C7B1C24D7B7A /* [CP] Check Pods Manifest.lock */ = {
			isa = PBXShellScriptBuildPhase;
			buildActionMask = 2147483647;
			files = (
			);
			inputFileListPaths = (
			);
			inputPaths = (
				"${PODS_PODFILE_DIR_PATH}/Podfile.lock",
				"${PODS_ROOT}/Manifest.lock",
			);
			name = "[CP] Check Pods Manifest.lock";
			outputFileListPaths = (
			);
			outputPaths = (
				"$(DERIVED_FILE_DIR)/Pods-Owange-Pranks-iOS-TaskTests-checkManifestLockResult.txt",
			);
			runOnlyForDeploymentPostprocessing = 0;
			shellPath = /bin/sh;
			shellScript = "diff \"${PODS_PODFILE_DIR_PATH}/Podfile.lock\" \"${PODS_ROOT}/Manifest.lock\" > /dev/null\nif [ $? != 0 ] ; then\n    # print error to STDERR\n    echo \"error: The sandbox is not in sync with the Podfile.lock. Run 'pod install' or update your CocoaPods installation.\" >&2\n    exit 1\nfi\n# This output is used by Xcode 'outputs' to avoid re-running this script phase.\necho \"SUCCESS\" > \"${SCRIPT_OUTPUT_FILE_0}\"\n";
			showEnvVarsInLog = 0;
		};
		C2DADCA8E8EF634BE2B48AA4 /* [CP] Embed Pods Frameworks */ = {
			isa = PBXShellScriptBuildPhase;
			buildActionMask = 2147483647;
			files = (
			);
			inputFileListPaths = (
				"${PODS_ROOT}/Target Support Files/Pods-Owange-Pranks-iOS-Task/Pods-Owange-Pranks-iOS-Task-frameworks-${CONFIGURATION}-input-files.xcfilelist",
			);
			name = "[CP] Embed Pods Frameworks";
			outputFileListPaths = (
				"${PODS_ROOT}/Target Support Files/Pods-Owange-Pranks-iOS-Task/Pods-Owange-Pranks-iOS-Task-frameworks-${CONFIGURATION}-output-files.xcfilelist",
			);
			runOnlyForDeploymentPostprocessing = 0;
			shellPath = /bin/sh;
			shellScript = "\"${PODS_ROOT}/Target Support Files/Pods-Owange-Pranks-iOS-Task/Pods-Owange-Pranks-iOS-Task-frameworks.sh\"\n";
			showEnvVarsInLog = 0;
		};
/* End PBXShellScriptBuildPhase section */

/* Begin PBXSourcesBuildPhase section */
		947E669C25BCA8AA0049DEAF /* Sources */ = {
			isa = PBXSourcesBuildPhase;
			buildActionMask = 2147483647;
			files = (
				947EE47E25BEF2B600C3A7F4 /* APIConstant.swift in Sources */,
				947E66E025BCE5710049DEAF /* UIView.swift in Sources */,
				947E66A425BCA8AA0049DEAF /* AppDelegate.swift in Sources */,
				947E66A625BCA8AA0049DEAF /* SceneDelegate.swift in Sources */,
				947E66DA25BCE0B40049DEAF /* ReprositoryCollectionViewCell.swift in Sources */,
				947EE46C25BDDEE300C3A7F4 /* ReprositoryListPresenter.swift in Sources */,
				947EE47C25BEEC5600C3A7F4 /* ReprositoryListFilter.swift in Sources */,
				947E66E325BCE6F00049DEAF /* ReprositoryListViewController.swift in Sources */,
				947E66E625BCE7070049DEAF /* ViewControllerIdentifier.swift in Sources */,
				947EE47825BDE77900C3A7F4 /* ReprositoryListTransformer.swift in Sources */,
				947EE46E25BDDF8600C3A7F4 /* ReprositoryListNavigationRouter.swift in Sources */,
				947EE47425BDE57200C3A7F4 /* ReprositoryListResponse.swift in Sources */,
				947EE47625BDE60700C3A7F4 /* ReprositoryListError.swift in Sources */,
				947EE48125BEF37C00C3A7F4 /* CodableTransformer.swift in Sources */,
				947EE47A25BDE7B100C3A7F4 /* ReprositoryCellViewModel.swift in Sources */,
				947EE47025BDDFD700C3A7F4 /* ReprositoryListNetworkRouter.swift in Sources */,
				947EE47225BDE53300C3A7F4 /* ReprositoryListInteractor.swift in Sources */,
			);
			runOnlyForDeploymentPostprocessing = 0;
		};
		947E66B225BCA8AC0049DEAF /* Sources */ = {
			isa = PBXSourcesBuildPhase;
			buildActionMask = 2147483647;
			files = (
				947E66BB25BCA8AC0049DEAF /* Owange_Pranks_iOS_TaskTests.swift in Sources */,
			);
			runOnlyForDeploymentPostprocessing = 0;
		};
/* End PBXSourcesBuildPhase section */

/* Begin PBXTargetDependency section */
		947E66B825BCA8AC0049DEAF /* PBXTargetDependency */ = {
			isa = PBXTargetDependency;
			target = 947E669F25BCA8AA0049DEAF /* Owange-Pranks-iOS-Task */;
			targetProxy = 947E66B725BCA8AC0049DEAF /* PBXContainerItemProxy */;
		};
/* End PBXTargetDependency section */

/* Begin PBXVariantGroup section */
		947E66AE25BCA8AC0049DEAF /* LaunchScreen.storyboard */ = {
			isa = PBXVariantGroup;
			children = (
				947E66AF25BCA8AC0049DEAF /* Base */,
			);
			name = LaunchScreen.storyboard;
			sourceTree = "<group>";
		};
/* End PBXVariantGroup section */

/* Begin XCBuildConfiguration section */
		947E66BD25BCA8AC0049DEAF /* Debug */ = {
			isa = XCBuildConfiguration;
			buildSettings = {
				ALWAYS_SEARCH_USER_PATHS = NO;
				CLANG_ANALYZER_NONNULL = YES;
				CLANG_ANALYZER_NUMBER_OBJECT_CONVERSION = YES_AGGRESSIVE;
				CLANG_CXX_LANGUAGE_STANDARD = "gnu++14";
				CLANG_CXX_LIBRARY = "libc++";
				CLANG_ENABLE_MODULES = YES;
				CLANG_ENABLE_OBJC_ARC = YES;
				CLANG_ENABLE_OBJC_WEAK = YES;
				CLANG_WARN_BLOCK_CAPTURE_AUTORELEASING = YES;
				CLANG_WARN_BOOL_CONVERSION = YES;
				CLANG_WARN_COMMA = YES;
				CLANG_WARN_CONSTANT_CONVERSION = YES;
				CLANG_WARN_DEPRECATED_OBJC_IMPLEMENTATIONS = YES;
				CLANG_WARN_DIRECT_OBJC_ISA_USAGE = YES_ERROR;
				CLANG_WARN_DOCUMENTATION_COMMENTS = YES;
				CLANG_WARN_EMPTY_BODY = YES;
				CLANG_WARN_ENUM_CONVERSION = YES;
				CLANG_WARN_INFINITE_RECURSION = YES;
				CLANG_WARN_INT_CONVERSION = YES;
				CLANG_WARN_NON_LITERAL_NULL_CONVERSION = YES;
				CLANG_WARN_OBJC_IMPLICIT_RETAIN_SELF = YES;
				CLANG_WARN_OBJC_LITERAL_CONVERSION = YES;
				CLANG_WARN_OBJC_ROOT_CLASS = YES_ERROR;
				CLANG_WARN_RANGE_LOOP_ANALYSIS = YES;
				CLANG_WARN_STRICT_PROTOTYPES = YES;
				CLANG_WARN_SUSPICIOUS_MOVE = YES;
				CLANG_WARN_UNGUARDED_AVAILABILITY = YES_AGGRESSIVE;
				CLANG_WARN_UNREACHABLE_CODE = YES;
				CLANG_WARN__DUPLICATE_METHOD_MATCH = YES;
				COPY_PHASE_STRIP = NO;
				DEBUG_INFORMATION_FORMAT = dwarf;
				ENABLE_STRICT_OBJC_MSGSEND = YES;
				ENABLE_TESTABILITY = YES;
				GCC_C_LANGUAGE_STANDARD = gnu11;
				GCC_DYNAMIC_NO_PIC = NO;
				GCC_NO_COMMON_BLOCKS = YES;
				GCC_OPTIMIZATION_LEVEL = 0;
				GCC_PREPROCESSOR_DEFINITIONS = (
					"DEBUG=1",
					"$(inherited)",
				);
				GCC_WARN_64_TO_32_BIT_CONVERSION = YES;
				GCC_WARN_ABOUT_RETURN_TYPE = YES_ERROR;
				GCC_WARN_UNDECLARED_SELECTOR = YES;
				GCC_WARN_UNINITIALIZED_AUTOS = YES_AGGRESSIVE;
				GCC_WARN_UNUSED_FUNCTION = YES;
				GCC_WARN_UNUSED_VARIABLE = YES;
				IPHONEOS_DEPLOYMENT_TARGET = 13.7;
				MTL_ENABLE_DEBUG_INFO = INCLUDE_SOURCE;
				MTL_FAST_MATH = YES;
				ONLY_ACTIVE_ARCH = YES;
				SDKROOT = iphoneos;
				SWIFT_ACTIVE_COMPILATION_CONDITIONS = DEBUG;
				SWIFT_OPTIMIZATION_LEVEL = "-Onone";
			};
			name = Debug;
		};
		947E66BE25BCA8AC0049DEAF /* Release */ = {
			isa = XCBuildConfiguration;
			buildSettings = {
				ALWAYS_SEARCH_USER_PATHS = NO;
				CLANG_ANALYZER_NONNULL = YES;
				CLANG_ANALYZER_NUMBER_OBJECT_CONVERSION = YES_AGGRESSIVE;
				CLANG_CXX_LANGUAGE_STANDARD = "gnu++14";
				CLANG_CXX_LIBRARY = "libc++";
				CLANG_ENABLE_MODULES = YES;
				CLANG_ENABLE_OBJC_ARC = YES;
				CLANG_ENABLE_OBJC_WEAK = YES;
				CLANG_WARN_BLOCK_CAPTURE_AUTORELEASING = YES;
				CLANG_WARN_BOOL_CONVERSION = YES;
				CLANG_WARN_COMMA = YES;
				CLANG_WARN_CONSTANT_CONVERSION = YES;
				CLANG_WARN_DEPRECATED_OBJC_IMPLEMENTATIONS = YES;
				CLANG_WARN_DIRECT_OBJC_ISA_USAGE = YES_ERROR;
				CLANG_WARN_DOCUMENTATION_COMMENTS = YES;
				CLANG_WARN_EMPTY_BODY = YES;
				CLANG_WARN_ENUM_CONVERSION = YES;
				CLANG_WARN_INFINITE_RECURSION = YES;
				CLANG_WARN_INT_CONVERSION = YES;
				CLANG_WARN_NON_LITERAL_NULL_CONVERSION = YES;
				CLANG_WARN_OBJC_IMPLICIT_RETAIN_SELF = YES;
				CLANG_WARN_OBJC_LITERAL_CONVERSION = YES;
				CLANG_WARN_OBJC_ROOT_CLASS = YES_ERROR;
				CLANG_WARN_RANGE_LOOP_ANALYSIS = YES;
				CLANG_WARN_STRICT_PROTOTYPES = YES;
				CLANG_WARN_SUSPICIOUS_MOVE = YES;
				CLANG_WARN_UNGUARDED_AVAILABILITY = YES_AGGRESSIVE;
				CLANG_WARN_UNREACHABLE_CODE = YES;
				CLANG_WARN__DUPLICATE_METHOD_MATCH = YES;
				COPY_PHASE_STRIP = NO;
				DEBUG_INFORMATION_FORMAT = "dwarf-with-dsym";
				ENABLE_NS_ASSERTIONS = NO;
				ENABLE_STRICT_OBJC_MSGSEND = YES;
				GCC_C_LANGUAGE_STANDARD = gnu11;
				GCC_NO_COMMON_BLOCKS = YES;
				GCC_WARN_64_TO_32_BIT_CONVERSION = YES;
				GCC_WARN_ABOUT_RETURN_TYPE = YES_ERROR;
				GCC_WARN_UNDECLARED_SELECTOR = YES;
				GCC_WARN_UNINITIALIZED_AUTOS = YES_AGGRESSIVE;
				GCC_WARN_UNUSED_FUNCTION = YES;
				GCC_WARN_UNUSED_VARIABLE = YES;
				IPHONEOS_DEPLOYMENT_TARGET = 13.7;
				MTL_ENABLE_DEBUG_INFO = NO;
				MTL_FAST_MATH = YES;
				SDKROOT = iphoneos;
				SWIFT_COMPILATION_MODE = wholemodule;
				SWIFT_OPTIMIZATION_LEVEL = "-O";
				VALIDATE_PRODUCT = YES;
			};
			name = Release;
		};
		947E66C025BCA8AC0049DEAF /* Debug */ = {
			isa = XCBuildConfiguration;
			baseConfigurationReference = 9F0D89192D8C8D266F49827B /* Pods-Owange-Pranks-iOS-Task.debug.xcconfig */;
			buildSettings = {
				ASSETCATALOG_COMPILER_APPICON_NAME = AppIcon;
				CODE_SIGN_STYLE = Automatic;
				DEVELOPMENT_TEAM = TGMD963KYP;
				INFOPLIST_FILE = "Owange-Pranks-iOS-Task/Common/Core/Info.plist";
				LD_RUNPATH_SEARCH_PATHS = (
					"$(inherited)",
					"@executable_path/Frameworks",
				);
				PRODUCT_BUNDLE_IDENTIFIER = "OwangePranks.Owange-Pranks-iOS-Task";
				PRODUCT_NAME = "$(TARGET_NAME)";
				SWIFT_VERSION = 5.0;
				TARGETED_DEVICE_FAMILY = "1,2";
			};
			name = Debug;
		};
		947E66C125BCA8AC0049DEAF /* Release */ = {
			isa = XCBuildConfiguration;
			baseConfigurationReference = F1CA2545802B1AC32F8EBC52 /* Pods-Owange-Pranks-iOS-Task.release.xcconfig */;
			buildSettings = {
				ASSETCATALOG_COMPILER_APPICON_NAME = AppIcon;
				CODE_SIGN_STYLE = Automatic;
				DEVELOPMENT_TEAM = TGMD963KYP;
				INFOPLIST_FILE = "Owange-Pranks-iOS-Task/Common/Core/Info.plist";
				LD_RUNPATH_SEARCH_PATHS = (
					"$(inherited)",
					"@executable_path/Frameworks",
				);
				PRODUCT_BUNDLE_IDENTIFIER = "OwangePranks.Owange-Pranks-iOS-Task";
				PRODUCT_NAME = "$(TARGET_NAME)";
				SWIFT_VERSION = 5.0;
				TARGETED_DEVICE_FAMILY = "1,2";
			};
			name = Release;
		};
		947E66C325BCA8AC0049DEAF /* Debug */ = {
			isa = XCBuildConfiguration;
			baseConfigurationReference = E7DE3994E5CE31400A210730 /* Pods-Owange-Pranks-iOS-TaskTests.debug.xcconfig */;
			buildSettings = {
				ALWAYS_EMBED_SWIFT_STANDARD_LIBRARIES = YES;
				BUNDLE_LOADER = "$(TEST_HOST)";
				CODE_SIGN_STYLE = Automatic;
				DEVELOPMENT_TEAM = TGMD963KYP;
				INFOPLIST_FILE = "Owange-Pranks-iOS-TaskTests/Info.plist";
				IPHONEOS_DEPLOYMENT_TARGET = 13.7;
				LD_RUNPATH_SEARCH_PATHS = (
					"$(inherited)",
					"@executable_path/Frameworks",
					"@loader_path/Frameworks",
				);
				PRODUCT_BUNDLE_IDENTIFIER = "OwangePranks.Owange-Pranks-iOS-TaskTests";
				PRODUCT_NAME = "$(TARGET_NAME)";
				SWIFT_VERSION = 5.0;
				TARGETED_DEVICE_FAMILY = "1,2";
				TEST_HOST = "$(BUILT_PRODUCTS_DIR)/Owange-Pranks-iOS-Task.app/Owange-Pranks-iOS-Task";
			};
			name = Debug;
		};
		947E66C425BCA8AC0049DEAF /* Release */ = {
			isa = XCBuildConfiguration;
			baseConfigurationReference = 0FA9A01BB3A8D7DBD267D9DA /* Pods-Owange-Pranks-iOS-TaskTests.release.xcconfig */;
			buildSettings = {
				ALWAYS_EMBED_SWIFT_STANDARD_LIBRARIES = YES;
				BUNDLE_LOADER = "$(TEST_HOST)";
				CODE_SIGN_STYLE = Automatic;
				DEVELOPMENT_TEAM = TGMD963KYP;
				INFOPLIST_FILE = "Owange-Pranks-iOS-TaskTests/Info.plist";
				IPHONEOS_DEPLOYMENT_TARGET = 13.7;
				LD_RUNPATH_SEARCH_PATHS = (
					"$(inherited)",
					"@executable_path/Frameworks",
					"@loader_path/Frameworks",
				);
				PRODUCT_BUNDLE_IDENTIFIER = "OwangePranks.Owange-Pranks-iOS-TaskTests";
				PRODUCT_NAME = "$(TARGET_NAME)";
				SWIFT_VERSION = 5.0;
				TARGETED_DEVICE_FAMILY = "1,2";
				TEST_HOST = "$(BUILT_PRODUCTS_DIR)/Owange-Pranks-iOS-Task.app/Owange-Pranks-iOS-Task";
			};
			name = Release;
		};
/* End XCBuildConfiguration section */

/* Begin XCConfigurationList section */
		947E669B25BCA8AA0049DEAF /* Build configuration list for PBXProject "Owange-Pranks-iOS-Task" */ = {
			isa = XCConfigurationList;
			buildConfigurations = (
				947E66BD25BCA8AC0049DEAF /* Debug */,
				947E66BE25BCA8AC0049DEAF /* Release */,
			);
			defaultConfigurationIsVisible = 0;
			defaultConfigurationName = Release;
		};
		947E66BF25BCA8AC0049DEAF /* Build configuration list for PBXNativeTarget "Owange-Pranks-iOS-Task" */ = {
			isa = XCConfigurationList;
			buildConfigurations = (
				947E66C025BCA8AC0049DEAF /* Debug */,
				947E66C125BCA8AC0049DEAF /* Release */,
			);
			defaultConfigurationIsVisible = 0;
			defaultConfigurationName = Release;
		};
		947E66C225BCA8AC0049DEAF /* Build configuration list for PBXNativeTarget "Owange-Pranks-iOS-TaskTests" */ = {
			isa = XCConfigurationList;
			buildConfigurations = (
				947E66C325BCA8AC0049DEAF /* Debug */,
				947E66C425BCA8AC0049DEAF /* Release */,
			);
			defaultConfigurationIsVisible = 0;
			defaultConfigurationName = Release;
		};
/* End XCConfigurationList section */
	};
	rootObject = 947E669825BCA8AA0049DEAF /* Project object */;
}
